// !$*UTF8*$!
{
	archiveVersion = 1;
	classes = {
	};
	objectVersion = 77;
	objects = {

/* Begin PBXContainerItemProxy section */
		E90FD32A2EECBC7B00459E79 /* PBXContainerItemProxy */ = {
			isa = PBXContainerItemProxy;
			containerPortal = E90FD3112EECBC7900459E79 /* Project object */;
			proxyType = 1;
			remoteGlobalIDString = E90FD3182EECBC7900459E79;
			remoteInfo = mad_application;
		};
		E90FD3342EECBC7B00459E79 /* PBXContainerItemProxy */ = {
			isa = PBXContainerItemProxy;
			containerPortal = E90FD3112EECBC7900459E79 /* Project object */;
			proxyType = 1;
			remoteGlobalIDString = E90FD3182EECBC7900459E79;
			remoteInfo = mad_application;
		};
/* End PBXContainerItemProxy section */

/* Begin PBXFileReference section */
		E90FD3192EECBC7900459E79 /* mad_application.app */ = {isa = PBXFileReference; explicitFileType = wrapper.application; includeInIndex = 0; path = mad_application.app; sourceTree = BUILT_PRODUCTS_DIR; };
		E90FD3292EECBC7B00459E79 /* mad_applicationTests.xctest */ = {isa = PBXFileReference; explicitFileType = wrapper.cfbundle; includeInIndex = 0; path = mad_applicationTests.xctest; sourceTree = BUILT_PRODUCTS_DIR; };
		E90FD3332EECBC7B00459E79 /* mad_applicationUITests.xctest */ = {isa = PBXFileReference; explicitFileType = wrapper.cfbundle; includeInIndex = 0; path = mad_applicationUITests.xctest; sourceTree = BUILT_PRODUCTS_DIR; };
/* End PBXFileReference section */

/* Begin PBXFileSystemSynchronizedRootGroup section */
		E90FD31B2EECBC7900459E79 /* mad_application */ = {
			isa = PBXFileSystemSynchronizedRootGroup;
			path = mad_application;
			sourceTree = "<group>";
		};
		E90FD32C2EECBC7B00459E79 /* mad_applicationTests */ = {
			isa = PBXFileSystemSynchronizedRootGroup;
			path = mad_applicationTests;
			sourceTree = "<group>";
		};
		E90FD3362EECBC7B00459E79 /* mad_applicationUITests */ = {
			isa = PBXFileSystemSynchronizedRootGroup;
			path = mad_applicationUITests;
			sourceTree = "<group>";
		};
/* End PBXFileSystemSynchronizedRootGroup section */

/* Begin PBXFrameworksBuildPhase section */
		E90FD3162EECBC7900459E79 /* Frameworks */ = {
			isa = PBXFrameworksBuildPhase;
			buildActionMask = 2147483647;
			files = (
			);
			runOnlyForDeploymentPostprocessing = 0;
		};
		E90FD3262EECBC7B00459E79 /* Frameworks */ = {
			isa = PBXFrameworksBuildPhase;
			buildActionMask = 2147483647;
			files = (
			);
			runOnlyForDeploymentPostprocessing = 0;
		};
		E90FD3302EECBC7B00459E79 /* Frameworks */ = {
			isa = PBXFrameworksBuildPhase;
			buildActionMask = 2147483647;
			files = (
			);
			runOnlyForDeploymentPostprocessing = 0;
		};
/* End PBXFrameworksBuildPhase section */

/* Begin PBXGroup section */
		E90FD3102EECBC7900459E79 = {
			isa = PBXGroup;
			children = (
				E90FD31B2EECBC7900459E79 /* mad_application */,
				E90FD32C2EECBC7B00459E79 /* mad_applicationTests */,
				E90FD3362EECBC7B00459E79 /* mad_applicationUITests */,
				E90FD31A2EECBC7900459E79 /* Products */,
			);
			sourceTree = "<group>";
		};
		E90FD31A2EECBC7900459E79 /* Products */ = {
			isa = PBXGroup;
			children = (
				E90FD3192EECBC7900459E79 /* mad_application.app */,
				E90FD3292EECBC7B00459E79 /* mad_applicationTests.xctest */,
				E90FD3332EECBC7B00459E79 /* mad_applicationUITests.xctest */,
			);
			name = Products;
			sourceTree = "<group>";
		};
/* End PBXGroup section */

/* Begin PBXNativeTarget section */
		E90FD3182EECBC7900459E79 /* mad_application */ = {
			isa = PBXNativeTarget;
			buildConfigurationList = E90FD33D2EECBC7B00459E79 /* Build configuration list for PBXNativeTarget "mad_application" */;
			buildPhases = (
				E90FD3152EECBC7900459E79 /* Sources */,
				E90FD3162EECBC7900459E79 /* Frameworks */,
				E90FD3172EECBC7900459E79 /* Resources */,
			);
			buildRules = (
			);
			dependencies = (
			);
			fileSystemSynchronizedGroups = (
				E90FD31B2EECBC7900459E79 /* mad_application */,
			);
			name = mad_application;
			packageProductDependencies = (
			);
			productName = mad_application;
			productReference = E90FD3192EECBC7900459E79 /* mad_application.app */;
			productType = "com.apple.product-type.application";
		};
		E90FD3282EECBC7B00459E79 /* mad_applicationTests */ = {
			isa = PBXNativeTarget;
			buildConfigurationList = E90FD3402EECBC7B00459E79 /* Build configuration list for PBXNativeTarget "mad_applicationTests" */;
			buildPhases = (
				E90FD3252EECBC7B00459E79 /* Sources */,
				E90FD3262EECBC7B00459E79 /* Frameworks */,
				E90FD3272EECBC7B00459E79 /* Resources */,
			);
			buildRules = (
			);
			dependencies = (
				E90FD32B2EECBC7B00459E79 /* PBXTargetDependency */,
			);
			fileSystemSynchronizedGroups = (
				E90FD32C2EECBC7B00459E79 /* mad_applicationTests */,
			);
			name = mad_applicationTests;
			packageProductDependencies = (
			);
			productName = mad_applicationTests;
			productReference = E90FD3292EECBC7B00459E79 /* mad_applicationTests.xctest */;
			productType = "com.apple.product-type.bundle.unit-test";
		};
		E90FD3322EECBC7B00459E79 /* mad_applicationUITests */ = {
			isa = PBXNativeTarget;
			buildConfigurationList = E90FD3432EECBC7B00459E79 /* Build configuration list for PBXNativeTarget "mad_applicationUITests" */;
			buildPhases = (
				E90FD32F2EECBC7B00459E79 /* Sources */,
				E90FD3302EECBC7B00459E79 /* Frameworks */,
				E90FD3312EECBC7B00459E79 /* Resources */,
			);
			buildRules = (
			);
			dependencies = (
				E90FD3352EECBC7B00459E79 /* PBXTargetDependency */,
			);
			fileSystemSynchronizedGroups = (
				E90FD3362EECBC7B00459E79 /* mad_applicationUITests */,
			);
			name = mad_applicationUITests;
			packageProductDependencies = (
			);
			productName = mad_applicationUITests;
			productReference = E90FD3332EECBC7B00459E79 /* mad_applicationUITests.xctest */;
			productType = "com.apple.product-type.bundle.ui-testing";
		};
/* End PBXNativeTarget section */

/* Begin PBXProject section */
		E90FD3112EECBC7900459E79 /* Project object */ = {
			isa = PBXProject;
			attributes = {
				BuildIndependentTargetsInParallel = 1;
				LastSwiftUpdateCheck = 1620;
				LastUpgradeCheck = 1620;
				TargetAttributes = {
					E90FD3182EECBC7900459E79 = {
						CreatedOnToolsVersion = 16.2;
					};
					E90FD3282EECBC7B00459E79 = {
						CreatedOnToolsVersion = 16.2;
						TestTargetID = E90FD3182EECBC7900459E79;
					};
					E90FD3322EECBC7B00459E79 = {
						CreatedOnToolsVersion = 16.2;
						TestTargetID = E90FD3182EECBC7900459E79;
					};
				};
			};
			buildConfigurationList = E90FD3142EECBC7900459E79 /* Build configuration list for PBXProject "mad_application" */;
			developmentRegion = en;
			hasScannedForEncodings = 0;
			knownRegions = (
				en,
				Base,
			);
			mainGroup = E90FD3102EECBC7900459E79;
			minimizedProjectReferenceProxies = 1;
			preferredProjectObjectVersion = 77;
			productRefGroup = E90FD31A2EECBC7900459E79 /* Products */;
			projectDirPath = "";
			projectRoot = "";
			targets = (
				E90FD3182EECBC7900459E79 /* mad_application */,
				E90FD3282EECBC7B00459E79 /* mad_applicationTests */,
				E90FD3322EECBC7B00459E79 /* mad_applicationUITests */,
			);
		};
/* End PBXProject section */

/* Begin PBXResourcesBuildPhase section */
		E90FD3172EECBC7900459E79 /* Resources */ = {
			isa = PBXResourcesBuildPhase;
			buildActionMask = 2147483647;
			files = (
			);
			runOnlyForDeploymentPostprocessing = 0;
		};
		E90FD3272EECBC7B00459E79 /* Resources */ = {
			isa = PBXResourcesBuildPhase;
			buildActionMask = 2147483647;
			files = (
			);
			runOnlyForDeploymentPostprocessing = 0;
		};
		E90FD3312EECBC7B00459E79 /* Resources */ = {
			isa = PBXResourcesBuildPhase;
			buildActionMask = 2147483647;
			files = (
			);
			runOnlyForDeploymentPostprocessing = 0;
		};
/* End PBXResourcesBuildPhase section */

/* Begin PBXSourcesBuildPhase section */
		E90FD3152EECBC7900459E79 /* Sources */ = {
			isa = PBXSourcesBuildPhase;
			buildActionMask = 2147483647;
			files = (
			);
			runOnlyForDeploymentPostprocessing = 0;
		};
		E90FD3252EECBC7B00459E79 /* Sources */ = {
			isa = PBXSourcesBuildPhase;
			buildActionMask = 2147483647;
			files = (
			);
			runOnlyForDeploymentPostprocessing = 0;
		};
		E90FD32F2EECBC7B00459E79 /* Sources */ = {
			isa = PBXSourcesBuildPhase;
			buildActionMask = 2147483647;
			files = (
			);
			runOnlyForDeploymentPostprocessing = 0;
		};
/* End PBXSourcesBuildPhase section */

/* Begin PBXTargetDependency section */
		E90FD32B2EECBC7B00459E79 /* PBXTargetDependency */ = {
			isa = PBXTargetDependency;
			target = E90FD3182EECBC7900459E79 /* mad_application */;
			targetProxy = E90FD32A2EECBC7B00459E79 /* PBXContainerItemProxy */;
		};
		E90FD3352EECBC7B00459E79 /* PBXTargetDependency */ = {
			isa = PBXTargetDependency;
			target = E90FD3182EECBC7900459E79 /* mad_application */;
			targetProxy = E90FD3342EECBC7B00459E79 /* PBXContainerItemProxy */;
		};
/* End PBXTargetDependency section */

/* Begin XCBuildConfiguration section */
		E90FD33B2EECBC7B00459E79 /* Debug */ = {
			isa = XCBuildConfiguration;
			buildSettings = {
				ALWAYS_SEARCH_USER_PATHS = NO;
				ASSETCATALOG_COMPILER_GENERATE_SWIFT_ASSET_SYMBOL_EXTENSIONS = YES;
				CLANG_ANALYZER_NONNULL = YES;
				CLANG_ANALYZER_NUMBER_OBJECT_CONVERSION = YES_AGGRESSIVE;
				CLANG_CXX_LANGUAGE_STANDARD = "gnu++20";
				CLANG_ENABLE_MODULES = YES;
				CLANG_ENABLE_OBJC_ARC = YES;
				CLANG_ENABLE_OBJC_WEAK = YES;
				CLANG_WARN_BLOCK_CAPTURE_AUTORELEASING = YES;
				CLANG_WARN_BOOL_CONVERSION = YES;
				CLANG_WARN_COMMA = YES;
				CLANG_WARN_CONSTANT_CONVERSION = YES;
				CLANG_WARN_DEPRECATED_OBJC_IMPLEMENTATIONS = YES;
				CLANG_WARN_DIRECT_OBJC_ISA_USAGE = YES_ERROR;
				CLANG_WARN_DOCUMENTATION_COMMENTS = YES;
				CLANG_WARN_EMPTY_BODY = YES;
				CLANG_WARN_ENUM_CONVERSION = YES;
				CLANG_WARN_INFINITE_RECURSION = YES;
				CLANG_WARN_INT_CONVERSION = YES;
				CLANG_WARN_NON_LITERAL_NULL_CONVERSION = YES;
				CLANG_WARN_OBJC_IMPLICIT_RETAIN_SELF = YES;
				CLANG_WARN_OBJC_LITERAL_CONVERSION = YES;
				CLANG_WARN_OBJC_ROOT_CLASS = YES_ERROR;
				CLANG_WARN_QUOTED_INCLUDE_IN_FRAMEWORK_HEADER = YES;
				CLANG_WARN_RANGE_LOOP_ANALYSIS = YES;
				CLANG_WARN_STRICT_PROTOTYPES = YES;
				CLANG_WARN_SUSPICIOUS_MOVE = YES;
				CLANG_WARN_UNGUARDED_AVAILABILITY = YES_AGGRESSIVE;
				CLANG_WARN_UNREACHABLE_CODE = YES;
				CLANG_WARN__DUPLICATE_METHOD_MATCH = YES;
				COPY_PHASE_STRIP = NO;
				DEBUG_INFORMATION_FORMAT = dwarf;
				ENABLE_STRICT_OBJC_MSGSEND = YES;
				ENABLE_TESTABILITY = YES;
				ENABLE_USER_SCRIPT_SANDBOXING = YES;
				GCC_C_LANGUAGE_STANDARD = gnu17;
				GCC_DYNAMIC_NO_PIC = NO;
				GCC_NO_COMMON_BLOCKS = YES;
				GCC_OPTIMIZATION_LEVEL = 0;
				GCC_PREPROCESSOR_DEFINITIONS = (
					"DEBUG=1",
					"$(inherited)",
				);
				GCC_WARN_64_TO_32_BIT_CONVERSION = YES;
				GCC_WARN_ABOUT_RETURN_TYPE = YES_ERROR;
				GCC_WARN_UNDECLARED_SELECTOR = YES;
				GCC_WARN_UNINITIALIZED_AUTOS = YES_AGGRESSIVE;
				GCC_WARN_UNUSED_FUNCTION = YES;
				GCC_WARN_UNUSED_VARIABLE = YES;
				IPHONEOS_DEPLOYMENT_TARGET = 18.2;
				LOCALIZATION_PREFERS_STRING_CATALOGS = YES;
				MTL_ENABLE_DEBUG_INFO = INCLUDE_SOURCE;
				MTL_FAST_MATH = YES;
				ONLY_ACTIVE_ARCH = YES;
				SDKROOT = iphoneos;
				SWIFT_ACTIVE_COMPILATION_CONDITIONS = "DEBUG $(inherited)";
				SWIFT_OPTIMIZATION_LEVEL = "-Onone";
			};
			name = Debug;
		};
		E90FD33C2EECBC7B00459E79 /* Release */ = {
			isa = XCBuildConfiguration;
			buildSettings = {
				ALWAYS_SEARCH_USER_PATHS = NO;
				ASSETCATALOG_COMPILER_GENERATE_SWIFT_ASSET_SYMBOL_EXTENSIONS = YES;
				CLANG_ANALYZER_NONNULL = YES;
				CLANG_ANALYZER_NUMBER_OBJECT_CONVERSION = YES_AGGRESSIVE;
				CLANG_CXX_LANGUAGE_STANDARD = "gnu++20";
				CLANG_ENABLE_MODULES = YES;
				CLANG_ENABLE_OBJC_ARC = YES;
				CLANG_ENABLE_OBJC_WEAK = YES;
				CLANG_WARN_BLOCK_CAPTURE_AUTORELEASING = YES;
				CLANG_WARN_BOOL_CONVERSION = YES;
				CLANG_WARN_COMMA = YES;
				CLANG_WARN_CONSTANT_CONVERSION = YES;
				CLANG_WARN_DEPRECATED_OBJC_IMPLEMENTATIONS = YES;
				CLANG_WARN_DIRECT_OBJC_ISA_USAGE = YES_ERROR;
				CLANG_WARN_DOCUMENTATION_COMMENTS = YES;
				CLANG_WARN_EMPTY_BODY = YES;
				CLANG_WARN_ENUM_CONVERSION = YES;
				CLANG_WARN_INFINITE_RECURSION = YES;
				CLANG_WARN_INT_CONVERSION = YES;
				CLANG_WARN_NON_LITERAL_NULL_CONVERSION = YES;
				CLANG_WARN_OBJC_IMPLICIT_RETAIN_SELF = YES;
				CLANG_WARN_OBJC_LITERAL_CONVERSION = YES;
				CLANG_WARN_OBJC_ROOT_CLASS = YES_ERROR;
				CLANG_WARN_QUOTED_INCLUDE_IN_FRAMEWORK_HEADER = YES;
				CLANG_WARN_RANGE_LOOP_ANALYSIS = YES;
				CLANG_WARN_STRICT_PROTOTYPES = YES;
				CLANG_WARN_SUSPICIOUS_MOVE = YES;
				CLANG_WARN_UNGUARDED_AVAILABILITY = YES_AGGRESSIVE;
				CLANG_WARN_UNREACHABLE_CODE = YES;
				CLANG_WARN__DUPLICATE_METHOD_MATCH = YES;
				COPY_PHASE_STRIP = NO;
				DEBUG_INFORMATION_FORMAT = "dwarf-with-dsym";
				ENABLE_NS_ASSERTIONS = NO;
				ENABLE_STRICT_OBJC_MSGSEND = YES;
				ENABLE_USER_SCRIPT_SANDBOXING = YES;
				GCC_C_LANGUAGE_STANDARD = gnu17;
				GCC_NO_COMMON_BLOCKS = YES;
				GCC_WARN_64_TO_32_BIT_CONVERSION = YES;
				GCC_WARN_ABOUT_RETURN_TYPE = YES_ERROR;
				GCC_WARN_UNDECLARED_SELECTOR = YES;
				GCC_WARN_UNINITIALIZED_AUTOS = YES_AGGRESSIVE;
				GCC_WARN_UNUSED_FUNCTION = YES;
				GCC_WARN_UNUSED_VARIABLE = YES;
				IPHONEOS_DEPLOYMENT_TARGET = 18.2;
				LOCALIZATION_PREFERS_STRING_CATALOGS = YES;
				MTL_ENABLE_DEBUG_INFO = NO;
				MTL_FAST_MATH = YES;
				SDKROOT = iphoneos;
				SWIFT_COMPILATION_MODE = wholemodule;
				VALIDATE_PRODUCT = YES;
			};
			name = Release;
		};
		E90FD33E2EECBC7B00459E79 /* Debug */ = {
			isa = XCBuildConfiguration;
			buildSettings = {
				ASSETCATALOG_COMPILER_APPICON_NAME = AppIcon;
				ASSETCATALOG_COMPILER_GLOBAL_ACCENT_COLOR_NAME = AccentColor;
				CODE_SIGN_STYLE = Automatic;
				CURRENT_PROJECT_VERSION = 1;
				DEVELOPMENT_ASSET_PATHS = "\"mad_application/Preview Content\"";
				DEVELOPMENT_TEAM = GB4ZWPWS88;
				ENABLE_PREVIEWS = YES;
				GENERATE_INFOPLIST_FILE = YES;
				INFOPLIST_KEY_UIApplicationSceneManifest_Generation = YES;
				INFOPLIST_KEY_UIApplicationSupportsIndirectInputEvents = YES;
				INFOPLIST_KEY_UILaunchScreen_Generation = YES;
				INFOPLIST_KEY_UISupportedInterfaceOrientations_iPad = "UIInterfaceOrientationPortrait UIInterfaceOrientationPortraitUpsideDown UIInterfaceOrientationLandscapeLeft UIInterfaceOrientationLandscapeRight";
				INFOPLIST_KEY_UISupportedInterfaceOrientations_iPhone = "UIInterfaceOrientationPortrait UIInterfaceOrientationLandscapeLeft UIInterfaceOrientationLandscapeRight";
				LD_RUNPATH_SEARCH_PATHS = (
					"$(inherited)",
					"@executable_path/Frameworks",
				);
				MARKETING_VERSION = 1.0;
				PRODUCT_BUNDLE_IDENTIFIER = "g13.mad-application";
				PRODUCT_NAME = "$(TARGET_NAME)";
				SWIFT_EMIT_LOC_STRINGS = YES;
				SWIFT_VERSION = 5.0;
				TARGETED_DEVICE_FAMILY = "1,2";
			};
			name = Debug;
		};
		E90FD33F2EECBC7B00459E79 /* Release */ = {
			isa = XCBuildConfiguration;
			buildSettings = {
				ASSETCATALOG_COMPILER_APPICON_NAME = AppIcon;
				ASSETCATALOG_COMPILER_GLOBAL_ACCENT_COLOR_NAME = AccentColor;
				CODE_SIGN_STYLE = Automatic;
				CURRENT_PROJECT_VERSION = 1;
				DEVELOPMENT_ASSET_PATHS = "\"mad_application/Preview Content\"";
				DEVELOPMENT_TEAM = GB4ZWPWS88;
				ENABLE_PREVIEWS = YES;
				GENERATE_INFOPLIST_FILE = YES;
				INFOPLIST_KEY_UIApplicationSceneManifest_Generation = YES;
				INFOPLIST_KEY_UIApplicationSupportsIndirectInputEvents = YES;
				INFOPLIST_KEY_UILaunchScreen_Generation = YES;
				INFOPLIST_KEY_UISupportedInterfaceOrientations_iPad = "UIInterfaceOrientationPortrait UIInterfaceOrientationPortraitUpsideDown UIInterfaceOrientationLandscapeLeft UIInterfaceOrientationLandscapeRight";
				INFOPLIST_KEY_UISupportedInterfaceOrientations_iPhone = "UIInterfaceOrientationPortrait UIInterfaceOrientationLandscapeLeft UIInterfaceOrientationLandscapeRight";
				LD_RUNPATH_SEARCH_PATHS = (
					"$(inherited)",
					"@executable_path/Frameworks",
				);
				MARKETING_VERSION = 1.0;
				PRODUCT_BUNDLE_IDENTIFIER = "g13.mad-application";
				PRODUCT_NAME = "$(TARGET_NAME)";
				SWIFT_EMIT_LOC_STRINGS = YES;
				SWIFT_VERSION = 5.0;
				TARGETED_DEVICE_FAMILY = "1,2";
			};
			name = Release;
		};
		E90FD3412EECBC7B00459E79 /* Debug */ = {
			isa = XCBuildConfiguration;
			buildSettings = {
				BUNDLE_LOADER = "$(TEST_HOST)";
				CODE_SIGN_STYLE = Automatic;
				CURRENT_PROJECT_VERSION = 1;
				DEVELOPMENT_TEAM = GB4ZWPWS88;
				GENERATE_INFOPLIST_FILE = YES;
				IPHONEOS_DEPLOYMENT_TARGET = 18.2;
				MARKETING_VERSION = 1.0;
				PRODUCT_BUNDLE_IDENTIFIER = "g13.mad-applicationTests";
				PRODUCT_NAME = "$(TARGET_NAME)";
				SWIFT_EMIT_LOC_STRINGS = NO;
				SWIFT_VERSION = 5.0;
				TARGETED_DEVICE_FAMILY = "1,2";
				TEST_HOST = "$(BUILT_PRODUCTS_DIR)/mad_application.app/$(BUNDLE_EXECUTABLE_FOLDER_PATH)/mad_application";
			};
			name = Debug;
		};
		E90FD3422EECBC7B00459E79 /* Release */ = {
			isa = XCBuildConfiguration;
			buildSettings = {
				BUNDLE_LOADER = "$(TEST_HOST)";
				CODE_SIGN_STYLE = Automatic;
				CURRENT_PROJECT_VERSION = 1;
				DEVELOPMENT_TEAM = GB4ZWPWS88;
				GENERATE_INFOPLIST_FILE = YES;
				IPHONEOS_DEPLOYMENT_TARGET = 18.2;
				MARKETING_VERSION = 1.0;
				PRODUCT_BUNDLE_IDENTIFIER = "g13.mad-applicationTests";
				PRODUCT_NAME = "$(TARGET_NAME)";
				SWIFT_EMIT_LOC_STRINGS = NO;
				SWIFT_VERSION = 5.0;
				TARGETED_DEVICE_FAMILY = "1,2";
				TEST_HOST = "$(BUILT_PRODUCTS_DIR)/mad_application.app/$(BUNDLE_EXECUTABLE_FOLDER_PATH)/mad_application";
			};
			name = Release;
		};
		E90FD3442EECBC7B00459E79 /* Debug */ = {
			isa = XCBuildConfiguration;
			buildSettings = {
				CODE_SIGN_STYLE = Automatic;
				CURRENT_PROJECT_VERSION = 1;
				DEVELOPMENT_TEAM = GB4ZWPWS88;
				GENERATE_INFOPLIST_FILE = YES;
				MARKETING_VERSION = 1.0;
				PRODUCT_BUNDLE_IDENTIFIER = "g13.mad-applicationUITests";
				PRODUCT_NAME = "$(TARGET_NAME)";
				SWIFT_EMIT_LOC_STRINGS = NO;
				SWIFT_VERSION = 5.0;
				TARGETED_DEVICE_FAMILY = "1,2";
				TEST_TARGET_NAME = mad_application;
			};
			name = Debug;
		};
		E90FD3452EECBC7B00459E79 /* Release */ = {
			isa = XCBuildConfiguration;
			buildSettings = {
				CODE_SIGN_STYLE = Automatic;
				CURRENT_PROJECT_VERSION = 1;
				DEVELOPMENT_TEAM = GB4ZWPWS88;
				GENERATE_INFOPLIST_FILE = YES;
				MARKETING_VERSION = 1.0;
				PRODUCT_BUNDLE_IDENTIFIER = "g13.mad-applicationUITests";
				PRODUCT_NAME = "$(TARGET_NAME)";
				SWIFT_EMIT_LOC_STRINGS = NO;
				SWIFT_VERSION = 5.0;
				TARGETED_DEVICE_FAMILY = "1,2";
				TEST_TARGET_NAME = mad_application;
			};
			name = Release;
		};
/* End XCBuildConfiguration section */

/* Begin XCConfigurationList section */
		E90FD3142EECBC7900459E79 /* Build configuration list for PBXProject "mad_application" */ = {
			isa = XCConfigurationList;
			buildConfigurations = (
				E90FD33B2EECBC7B00459E79 /* Debug */,
				E90FD33C2EECBC7B00459E79 /* Release */,
			);
			defaultConfigurationIsVisible = 0;
			defaultConfigurationName = Release;
		};
		E90FD33D2EECBC7B00459E79 /* Build configuration list for PBXNativeTarget "mad_application" */ = {
			isa = XCConfigurationList;
			buildConfigurations = (
				E90FD33E2EECBC7B00459E79 /* Debug */,
				E90FD33F2EECBC7B00459E79 /* Release */,
			);
			defaultConfigurationIsVisible = 0;
			defaultConfigurationName = Release;
		};
		E90FD3402EECBC7B00459E79 /* Build configuration list for PBXNativeTarget "mad_applicationTests" */ = {
			isa = XCConfigurationList;
			buildConfigurations = (
				E90FD3412EECBC7B00459E79 /* Debug */,
				E90FD3422EECBC7B00459E79 /* Release */,
			);
			defaultConfigurationIsVisible = 0;
			defaultConfigurationName = Release;
		};
		E90FD3432EECBC7B00459E79 /* Build configuration list for PBXNativeTarget "mad_applicationUITests" */ = {
			isa = XCConfigurationList;
			buildConfigurations = (
				E90FD3442EECBC7B00459E79 /* Debug */,
				E90FD3452EECBC7B00459E79 /* Release */,
			);
			defaultConfigurationIsVisible = 0;
			defaultConfigurationName = Release;
		};
/* End XCConfigurationList section */
	};
	rootObject = E90FD3112EECBC7900459E79 /* Project object */;
}
